
Microsoft Visual Studio Solution File, Format Version 12.00
# Visual Studio Version 16
VisualStudioVersion = 16.0.31729.503
MinimumVisualStudioVersion = 10.0.40219.1
Project("{FAE04EC0-301F-11D3-BF4B-00C04F79EFBC}") = "Repair", "Repair\Repair.csproj", "{DCB56285-C6C3-4E98-969B-85561921EF5A}"
EndProject
Global
	GlobalSection(SolutionConfigurationPlatforms) = preSolution
		Debug|Any CPU = Debug|Any CPU
		Release|Any CPU = Release|Any CPU
	EndGlobalSection
	GlobalSection(ProjectConfigurationPlatforms) = postSolution
		{DCB56285-C6C3-4E98-969B-85561921EF5A}.Debug|Any CPU.ActiveCfg = Debug|Any CPU
		{DCB56285-C6C3-4E98-969B-85561921EF5A}.Debug|Any CPU.Build.0 = Debug|Any CPU
		{DCB56285-C6C3-4E98-969B-85561921EF5A}.Release|Any CPU.ActiveCfg = Release|Any CPU
		{DCB56285-C6C3-4E98-969B-85561921EF5A}.Release|Any CPU.Build.0 = Release|Any CPU
	EndGlobalSection
	GlobalSection(SolutionProperties) = preSolution
		HideSolutionNode = FALSE
	EndGlobalSection
	GlobalSection(ExtensibilityGlobals) = postSolution
		SolutionGuid = {AABB87A2-9AAC-4971-A875-2F8BD07864D9}
	EndGlobalSection
EndGlobal
